
Microsoft Visual Studio Solution File, Format Version 12.00
# Visual Studio Version 16
VisualStudioVersion = 16.0.29025.244
MinimumVisualStudioVersion = 10.0.40219.1
Project("{FAE04EC0-301F-11D3-BF4B-00C04F79EFBC}") = "MatrixParticles_HalpinTsai.CSharp", "MatrixParticles_HalpinTsai.CSharp.csproj", "{15FD21D0-FEDF-4248-B630-60A98540330F}"
EndProject
Global
	GlobalSection(SolutionConfigurationPlatforms) = preSolution
		Debug|Any CPU = Debug|Any CPU
		Release|Any CPU = Release|Any CPU
	EndGlobalSection
	GlobalSection(ProjectConfigurationPlatforms) = postSolution
		{15FD21D0-FEDF-4248-B630-60A98540330F}.Debug|Any CPU.ActiveCfg = Release|Any CPU
		{15FD21D0-FEDF-4248-B630-60A98540330F}.Debug|Any CPU.Build.0 = Release|Any CPU
		{15FD21D0-FEDF-4248-B630-60A98540330F}.Release|Any CPU.ActiveCfg = Release|Any CPU
		{15FD21D0-FEDF-4248-B630-60A98540330F}.Release|Any CPU.Build.0 = Release|Any CPU
	EndGlobalSection
	GlobalSection(SolutionProperties) = preSolution
		HideSolutionNode = FALSE
	EndGlobalSection
	GlobalSection(ExtensibilityGlobals) = postSolution
		SolutionGuid = {A0F3B687-E7EC-47D8-9F21-6C19F1D7F5F6}
	EndGlobalSection
EndGlobal
